{
  "name": "integration",
  "version": "1.0.0",
  "lockfileVersion": 1,
  "requires": true,
  "dependencies": {
    "adviser": {
      "version": "file:../..",
      "requires": {
        "ajv": "6.10.0",
        "async": "3.0.0",
        "chalk": "2.4.2",
        "cosmiconfig": "5.2.1",
        "debug": "4.1.1",
        "hyperlinker": "1.0.0",
        "log-symbols": "3.0.0",
        "optionator": "0.8.2",
        "ora": "3.4.0",
        "requireindex": "1.2.0",
        "strip-ansi": "5.2.0",
        "text-table": "0.2.0"
      }
    }
  }
}
